// !$*UTF8*$!
{
	archiveVersion = 1;
	classes = {
	};
	objectVersion = 46;
	objects = {

/* Begin PBXBuildFile section */
		CC72A6471EF9A12B0037CC74 /* AppDelegate.swift in Sources */ = {isa = PBXBuildFile; fileRef = CC72A6461EF9A12B0037CC74 /* AppDelegate.swift */; };
		CC72A6491EF9A12B0037CC74 /* ViewController.swift in Sources */ = {isa = PBXBuildFile; fileRef = CC72A6481EF9A12B0037CC74 /* ViewController.swift */; };
		CC72A64C1EF9A12B0037CC74 /* Main.storyboard in Resources */ = {isa = PBXBuildFile; fileRef = CC72A64A1EF9A12B0037CC74 /* Main.storyboard */; };
		CC72A64E1EF9A12B0037CC74 /* Assets.xcassets in Resources */ = {isa = PBXBuildFile; fileRef = CC72A64D1EF9A12B0037CC74 /* Assets.xcassets */; };
		CC72A6511EF9A12B0037CC74 /* LaunchScreen.storyboard in Resources */ = {isa = PBXBuildFile; fileRef = CC72A64F1EF9A12B0037CC74 /* LaunchScreen.storyboard */; };
/* End PBXBuildFile section */

/* Begin PBXFileReference section */
		CC72A6431EF9A12B0037CC74 /* 02-TableView演练.app */ = {isa = PBXFileReference; explicitFileType = wrapper.application; includeInIndex = 0; path = "02-TableView演练.app"; sourceTree = BUILT_PRODUCTS_DIR; };
		CC72A6461EF9A12B0037CC74 /* AppDelegate.swift */ = {isa = PBXFileReference; lastKnownFileType = sourcecode.swift; path = AppDelegate.swift; sourceTree = "<group>"; };
		CC72A6481EF9A12B0037CC74 /* ViewController.swift */ = {isa = PBXFileReference; lastKnownFileType = sourcecode.swift; path = ViewController.swift; sourceTree = "<group>"; };
		CC72A64B1EF9A12B0037CC74 /* Base */ = {isa = PBXFileReference; lastKnownFileType = file.storyboard; name = Base; path = Base.lproj/Main.storyboard; sourceTree = "<group>"; };
		CC72A64D1EF9A12B0037CC74 /* Assets.xcassets */ = {isa = PBXFileReference; lastKnownFileType = folder.assetcatalog; path = Assets.xcassets; sourceTree = "<group>"; };
		CC72A6501EF9A12B0037CC74 /* Base */ = {isa = PBXFileReference; lastKnownFileType = file.storyboard; name = Base; path = Base.lproj/LaunchScreen.storyboard; sourceTree = "<group>"; };
		CC72A6521EF9A12B0037CC74 /* Info.plist */ = {isa = PBXFileReference; lastKnownFileType = text.plist.xml; path = Info.plist; sourceTree = "<group>"; };
/* End PBXFileReference section */

/* Begin PBXFrameworksBuildPhase section */
		CC72A6401EF9A12B0037CC74 /* Frameworks */ = {
			isa = PBXFrameworksBuildPhase;
			buildActionMask = 2147483647;
			files = (
			);
			runOnlyForDeploymentPostprocessing = 0;
		};
/* End PBXFrameworksBuildPhase section */

/* Begin PBXGroup section */
		CC72A63A1EF9A12A0037CC74 = {
			isa = PBXGroup;
			children = (
				CC72A6451EF9A12B0037CC74 /* 02-TableView演练 */,
				CC72A6441EF9A12B0037CC74 /* Products */,
			);
			sourceTree = "<group>";
		};
		CC72A6441EF9A12B0037CC74 /* Products */ = {
			isa = PBXGroup;
			children = (
				CC72A6431EF9A12B0037CC74 /* 02-TableView演练.app */,
			);
			name = Products;
			sourceTree = "<group>";
		};
		CC72A6451EF9A12B0037CC74 /* 02-TableView演练 */ = {
			isa = PBXGroup;
			children = (
				CC72A6461EF9A12B0037CC74 /* AppDelegate.swift */,
				CC72A6481EF9A12B0037CC74 /* ViewController.swift */,
				CC72A64A1EF9A12B0037CC74 /* Main.storyboard */,
				CC72A64D1EF9A12B0037CC74 /* Assets.xcassets */,
				CC72A64F1EF9A12B0037CC74 /* LaunchScreen.storyboard */,
				CC72A6521EF9A12B0037CC74 /* Info.plist */,
			);
			path = "02-TableView演练";
			sourceTree = "<group>";
		};
/* End PBXGroup section */

/* Begin PBXNativeTarget section */
		CC72A6421EF9A12B0037CC74 /* 02-TableView演练 */ = {
			isa = PBXNativeTarget;
			buildConfigurationList = CC72A6551EF9A12B0037CC74 /* Build configuration list for PBXNativeTarget "02-TableView演练" */;
			buildPhases = (
				CC72A63F1EF9A12B0037CC74 /* Sources */,
				CC72A6401EF9A12B0037CC74 /* Frameworks */,
				CC72A6411EF9A12B0037CC74 /* Resources */,
			);
			buildRules = (
			);
			dependencies = (
			);
			name = "02-TableView演练";
			productName = "02-TableView演练";
			productReference = CC72A6431EF9A12B0037CC74 /* 02-TableView演练.app */;
			productType = "com.apple.product-type.application";
		};
/* End PBXNativeTarget section */

/* Begin PBXProject section */
		CC72A63B1EF9A12A0037CC74 /* Project object */ = {
			isa = PBXProject;
			attributes = {
				LastSwiftUpdateCheck = 0830;
				LastUpgradeCheck = 0830;
				ORGANIZATIONNAME = "穆良";
				TargetAttributes = {
					CC72A6421EF9A12B0037CC74 = {
						CreatedOnToolsVersion = 8.3.3;
						DevelopmentTeam = YEH9VENLMS;
						ProvisioningStyle = Automatic;
					};
				};
			};
			buildConfigurationList = CC72A63E1EF9A12A0037CC74 /* Build configuration list for PBXProject "02-TableView演练" */;
			compatibilityVersion = "Xcode 3.2";
			developmentRegion = English;
			hasScannedForEncodings = 0;
			knownRegions = (
				en,
				Base,
			);
			mainGroup = CC72A63A1EF9A12A0037CC74;
			productRefGroup = CC72A6441EF9A12B0037CC74 /* Products */;
			projectDirPath = "";
			projectRoot = "";
			targets = (
				CC72A6421EF9A12B0037CC74 /* 02-TableView演练 */,
			);
		};
/* End PBXProject section */

/* Begin PBXResourcesBuildPhase section */
		CC72A6411EF9A12B0037CC74 /* Resources */ = {
			isa = PBXResourcesBuildPhase;
			buildActionMask = 2147483647;
			files = (
				CC72A6511EF9A12B0037CC74 /* LaunchScreen.storyboard in Resources */,
				CC72A64E1EF9A12B0037CC74 /* Assets.xcassets in Resources */,
				CC72A64C1EF9A12B0037CC74 /* Main.storyboard in Resources */,
			);
			runOnlyForDeploymentPostprocessing = 0;
		};
/* End PBXResourcesBuildPhase section */

/* Begin PBXSourcesBuildPhase section */
		CC72A63F1EF9A12B0037CC74 /* Sources */ = {
			isa = PBXSourcesBuildPhase;
			buildActionMask = 2147483647;
			files = (
				CC72A6491EF9A12B0037CC74 /* ViewController.swift in Sources */,
				CC72A6471EF9A12B0037CC74 /* AppDelegate.swift in Sources */,
			);
			runOnlyForDeploymentPostprocessing = 0;
		};
/* End PBXSourcesBuildPhase section */

/* Begin PBXVariantGroup section */
		CC72A64A1EF9A12B0037CC74 /* Main.storyboard */ = {
			isa = PBXVariantGroup;
			children = (
				CC72A64B1EF9A12B0037CC74 /* Base */,
			);
			name = Main.storyboard;
			sourceTree = "<group>";
		};
		CC72A64F1EF9A12B0037CC74 /* LaunchScreen.storyboard */ = {
			isa = PBXVariantGroup;
			children = (
				CC72A6501EF9A12B0037CC74 /* Base */,
			);
			name = LaunchScreen.storyboard;
			sourceTree = "<group>";
		};
/* End PBXVariantGroup section */

/* Begin XCBuildConfiguration section */
		CC72A6531EF9A12B0037CC74 /* Debug */ = {
			isa = XCBuildConfiguration;
			buildSettings = {
				ALWAYS_SEARCH_USER_PATHS = NO;
				CLANG_ANALYZER_NONNULL = YES;
				CLANG_ANALYZER_NUMBER_OBJECT_CONVERSION = YES_AGGRESSIVE;
				CLANG_CXX_LANGUAGE_STANDARD = "gnu++0x";
				CLANG_CXX_LIBRARY = "libc++";
				CLANG_ENABLE_MODULES = YES;
				CLANG_ENABLE_OBJC_ARC = YES;
				CLANG_WARN_BOOL_CONVERSION = YES;
				CLANG_WARN_CONSTANT_CONVERSION = YES;
				CLANG_WARN_DIRECT_OBJC_ISA_USAGE = YES_ERROR;
				CLANG_WARN_DOCUMENTATION_COMMENTS = YES;
				CLANG_WARN_EMPTY_BODY = YES;
				CLANG_WARN_ENUM_CONVERSION = YES;
				CLANG_WARN_INFINITE_RECURSION = YES;
				CLANG_WARN_INT_CONVERSION = YES;
				CLANG_WARN_OBJC_ROOT_CLASS = YES_ERROR;
				CLANG_WARN_SUSPICIOUS_MOVE = YES;
				CLANG_WARN_UNREACHABLE_CODE = YES;
				CLANG_WARN__DUPLICATE_METHOD_MATCH = YES;
				"CODE_SIGN_IDENTITY[sdk=iphoneos*]" = "iPhone Developer";
				COPY_PHASE_STRIP = NO;
				DEBUG_INFORMATION_FORMAT = dwarf;
				ENABLE_STRICT_OBJC_MSGSEND = YES;
				ENABLE_TESTABILITY = YES;
				GCC_C_LANGUAGE_STANDARD = gnu99;
				GCC_DYNAMIC_NO_PIC = NO;
				GCC_NO_COMMON_BLOCKS = YES;
				GCC_OPTIMIZATION_LEVEL = 0;
				GCC_PREPROCESSOR_DEFINITIONS = (
					"DEBUG=1",
					"$(inherited)",
				);
				GCC_WARN_64_TO_32_BIT_CONVERSION = YES;
				GCC_WARN_ABOUT_RETURN_TYPE = YES_ERROR;
				GCC_WARN_UNDECLARED_SELECTOR = YES;
				GCC_WARN_UNINITIALIZED_AUTOS = YES_AGGRESSIVE;
				GCC_WARN_UNUSED_FUNCTION = YES;
				GCC_WARN_UNUSED_VARIABLE = YES;
				IPHONEOS_DEPLOYMENT_TARGET = 10.3;
				MTL_ENABLE_DEBUG_INFO = YES;
				ONLY_ACTIVE_ARCH = YES;
				SDKROOT = iphoneos;
				SWIFT_ACTIVE_COMPILATION_CONDITIONS = DEBUG;
				SWIFT_OPTIMIZATION_LEVEL = "-Onone";
			};
			name = Debug;
		};
		CC72A6541EF9A12B0037CC74 /* Release */ = {
			isa = XCBuildConfiguration;
			buildSettings = {
				ALWAYS_SEARCH_USER_PATHS = NO;
				CLANG_ANALYZER_NONNULL = YES;
				CLANG_ANALYZER_NUMBER_OBJECT_CONVERSION = YES_AGGRESSIVE;
				CLANG_CXX_LANGUAGE_STANDARD = "gnu++0x";
				CLANG_CXX_LIBRARY = "libc++";
				CLANG_ENABLE_MODULES = YES;
				CLANG_ENABLE_OBJC_ARC = YES;
				CLANG_WARN_BOOL_CONVERSION = YES;
				CLANG_WARN_CONSTANT_CONVERSION = YES;
				CLANG_WARN_DIRECT_OBJC_ISA_USAGE = YES_ERROR;
				CLANG_WARN_DOCUMENTATION_COMMENTS = YES;
				CLANG_WARN_EMPTY_BODY = YES;
				CLANG_WARN_ENUM_CONVERSION = YES;
				CLANG_WARN_INFINITE_RECURSION = YES;
				CLANG_WARN_INT_CONVERSION = YES;
				CLANG_WARN_OBJC_ROOT_CLASS = YES_ERROR;
				CLANG_WARN_SUSPICIOUS_MOVE = YES;
				CLANG_WARN_UNREACHABLE_CODE = YES;
				CLANG_WARN__DUPLICATE_METHOD_MATCH = YES;
				"CODE_SIGN_IDENTITY[sdk=iphoneos*]" = "iPhone Developer";
				COPY_PHASE_STRIP = NO;
				DEBUG_INFORMATION_FORMAT = "dwarf-with-dsym";
				ENABLE_NS_ASSERTIONS = NO;
				ENABLE_STRICT_OBJC_MSGSEND = YES;
				GCC_C_LANGUAGE_STANDARD = gnu99;
				GCC_NO_COMMON_BLOCKS = YES;
				GCC_WARN_64_TO_32_BIT_CONVERSION = YES;
				GCC_WARN_ABOUT_RETURN_TYPE = YES_ERROR;
				GCC_WARN_UNDECLARED_SELECTOR = YES;
				GCC_WARN_UNINITIALIZED_AUTOS = YES_AGGRESSIVE;
				GCC_WARN_UNUSED_FUNCTION = YES;
				GCC_WARN_UNUSED_VARIABLE = YES;
				IPHONEOS_DEPLOYMENT_TARGET = 10.3;
				MTL_ENABLE_DEBUG_INFO = NO;
				SDKROOT = iphoneos;
				SWIFT_OPTIMIZATION_LEVEL = "-Owholemodule";
				VALIDATE_PRODUCT = YES;
			};
			name = Release;
		};
		CC72A6561EF9A12B0037CC74 /* Debug */ = {
			isa = XCBuildConfiguration;
			buildSettings = {
				ASSETCATALOG_COMPILER_APPICON_NAME = AppIcon;
				DEVELOPMENT_TEAM = YEH9VENLMS;
				INFOPLIST_FILE = "02-TableView演练/Info.plist";
				LD_RUNPATH_SEARCH_PATHS = "$(inherited) @executable_path/Frameworks";
				PRODUCT_BUNDLE_IDENTIFIER = "com.mg.-2-TableView--";
				PRODUCT_NAME = "$(TARGET_NAME)";
				SWIFT_VERSION = 3.0;
			};
			name = Debug;
		};
		CC72A6571EF9A12B0037CC74 /* Release */ = {
			isa = XCBuildConfiguration;
			buildSettings = {
				ASSETCATALOG_COMPILER_APPICON_NAME = AppIcon;
				DEVELOPMENT_TEAM = YEH9VENLMS;
				INFOPLIST_FILE = "02-TableView演练/Info.plist";
				LD_RUNPATH_SEARCH_PATHS = "$(inherited) @executable_path/Frameworks";
				PRODUCT_BUNDLE_IDENTIFIER = "com.mg.-2-TableView--";
				PRODUCT_NAME = "$(TARGET_NAME)";
				SWIFT_VERSION = 3.0;
			};
			name = Release;
		};
/* End XCBuildConfiguration section */

/* Begin XCConfigurationList section */
		CC72A63E1EF9A12A0037CC74 /* Build configuration list for PBXProject "02-TableView演练" */ = {
			isa = XCConfigurationList;
			buildConfigurations = (
				CC72A6531EF9A12B0037CC74 /* Debug */,
				CC72A6541EF9A12B0037CC74 /* Release */,
			);
			defaultConfigurationIsVisible = 0;
			defaultConfigurationName = Release;
		};
		CC72A6551EF9A12B0037CC74 /* Build configuration list for PBXNativeTarget "02-TableView演练" */ = {
			isa = XCConfigurationList;
			buildConfigurations = (
				CC72A6561EF9A12B0037CC74 /* Debug */,
				CC72A6571EF9A12B0037CC74 /* Release */,
			);
			defaultConfigurationIsVisible = 0;
		};
/* End XCConfigurationList section */
	};
	rootObject = CC72A63B1EF9A12A0037CC74 /* Project object */;
}
